PODS:
  - DGSwiftUtilities (0.26.0)
  - VisualEffectBlurView (3.0.0):
    - DGSwiftUtilities (~> 0.26)

DEPENDENCIES:
  - VisualEffectBlurView (from `../`)

SPEC REPOS:
  trunk:
    - DGSwiftUtilities

EXTERNAL SOURCES:
  VisualEffectBlurView:
    :path: "../"

SPEC CHECKSUMS:
  DGSwiftUtilities: e47f69c753a86d0b3c264b78c39544dd94d51d73
  VisualEffectBlurView: b25bb8736bef48f4a1976a4f8cf4dd0d02294e2a

PODFILE CHECKSUM: 4e320d5e8aaf6844720ffe95aac99d04762cc67b

COCOAPODS: 1.15.2
