PODS:
  - DGSwiftUtilities (0.23.0)
  - VisualEffectBlurView (2.0.0):
    - DGSwiftUtilities (~> 0.23)

DEPENDENCIES:
  - VisualEffectBlurView (from `../`)

SPEC REPOS:
  trunk:
    - DGSwiftUtilities

EXTERNAL SOURCES:
  VisualEffectBlurView:
    :path: "../"

SPEC CHECKSUMS:
  DGSwiftUtilities: 0d56897d7918df6a2acd0eeebaf59c3860b5d8c5
  VisualEffectBlurView: 8734582c249ed131bd95869b021b726af33a5a88

PODFILE CHECKSUM: 4e320d5e8aaf6844720ffe95aac99d04762cc67b

COCOAPODS: 1.15.2
