PODS:
  - DGSwiftUtilities (0.22.0)
  - VisualEffectBlurView (1.2.1):
    - DGSwiftUtilities (~> 0.22)

DEPENDENCIES:
  - VisualEffectBlurView (from `../`)

SPEC REPOS:
  trunk:
    - DGSwiftUtilities

EXTERNAL SOURCES:
  VisualEffectBlurView:
    :path: "../"

SPEC CHECKSUMS:
  DGSwiftUtilities: 63d6b55c025549e1f245d6000eb43c9cfe901564
  VisualEffectBlurView: bb07fa9a78253528ba252a1efe6a56eacca6122f

PODFILE CHECKSUM: 4e320d5e8aaf6844720ffe95aac99d04762cc67b

COCOAPODS: 1.15.2
