{
  "pins" : [
    {
      "identity" : "dgswiftutilities",
      "kind" : "remoteSourceControl",
      "location" : "https://github.com/dominicstop/DGSwiftUtilities",
      "state" : {
        "revision" : "1e37402c7ef2c16990d846cc479c74aa044b0d71",
        "version" : "0.37.0"
      }
    }
  ],
  "version" : 2
}
