{
  "pins" : [
    {
      "identity" : "dgswiftutilities",
      "kind" : "remoteSourceControl",
      "location" : "https://github.com/dominicstop/DGSwiftUtilities",
      "state" : {
        "revision" : "95337856f960b2be4d8543c7966c9924941996c1",
        "version" : "0.36.0"
      }
    }
  ],
  "version" : 2
}
