{
  "pins" : [
    {
      "identity" : "dgswiftutilities",
      "kind" : "remoteSourceControl",
      "location" : "https://github.com/dominicstop/DGSwiftUtilities",
      "state" : {
        "revision" : "fd406024ad61da261bd439bd6d4db6bbd32a2401",
        "version" : "0.39.0"
      }
    }
  ],
  "version" : 2
}
