{
  "pins" : [
    {
      "identity" : "dgswiftutilities",
      "kind" : "remoteSourceControl",
      "location" : "https://github.com/dominicstop/DGSwiftUtilities",
      "state" : {
        "revision" : "dd3c44e5bd0bc20b0d8e546840c4fe0368769c5b",
        "version" : "0.46.0"
      }
    }
  ],
  "version" : 2
}
