{
  "pins" : [
    {
      "identity" : "dgswiftutilities",
      "kind" : "remoteSourceControl",
      "location" : "https://github.com/dominicstop/DGSwiftUtilities",
      "state" : {
        "revision" : "af7e7ab8ea38393625040f01b676ef9fa1a16e9a",
        "version" : "0.24.1"
      }
    }
  ],
  "version" : 2
}
