{
  "pins" : [
    {
      "identity" : "dgswiftutilities",
      "kind" : "remoteSourceControl",
      "location" : "https://github.com/dominicstop/DGSwiftUtilities",
      "state" : {
        "revision" : "9d022df103d1c5b3492724ec13770550d544edc1",
        "version" : "0.25.0"
      }
    }
  ],
  "version" : 2
}
