// !$*UTF8*$!
{
	archiveVersion = 1;
	classes = {
	};
	objectVersion = 56;
	objects = {

/* Begin PBXBuildFile section */
		881515252CB66DAA00710B9B /* VisualEffectBlurTestViewController.swift in Sources */ = {isa = PBXBuildFile; fileRef = 8815151C2CB66D8E00710B9B /* VisualEffectBlurTestViewController.swift */; };
		881515262CB66DAA00710B9B /* RouteListViewController.swift in Sources */ = {isa = PBXBuildFile; fileRef = 8815151D2CB66D8E00710B9B /* RouteListViewController.swift */; };
		881515272CB66DAA00710B9B /* VisualEffectBlurTest03ViewController.swift in Sources */ = {isa = PBXBuildFile; fileRef = 8815151E2CB66D8E00710B9B /* VisualEffectBlurTest03ViewController.swift */; };
		881515282CB66DAA00710B9B /* VisualEffectBlurTest02ViewController.swift in Sources */ = {isa = PBXBuildFile; fileRef = 8815151F2CB66D8E00710B9B /* VisualEffectBlurTest02ViewController.swift */; };
		881515292CB66DAA00710B9B /* VisualEffectViewExperiment02ViewController.swift in Sources */ = {isa = PBXBuildFile; fileRef = 881515202CB66D8E00710B9B /* VisualEffectViewExperiment02ViewController.swift */; };
		8815152B2CB66DAA00710B9B /* VisualEffectViewExperiment01ViewController.swift in Sources */ = {isa = PBXBuildFile; fileRef = 881515222CB66D8E00710B9B /* VisualEffectViewExperiment01ViewController.swift */; };
		8815152C2CB66DAA00710B9B /* BlurViewSwiftUIBasicUsage01ViewController.swift in Sources */ = {isa = PBXBuildFile; fileRef = 881515232CB66D8E00710B9B /* BlurViewSwiftUIBasicUsage01ViewController.swift */; };
		8815152D2CB66DAA00710B9B /* BlurViewBasicUsage01ViewController.swift in Sources */ = {isa = PBXBuildFile; fileRef = 881515242CB66D8E00710B9B /* BlurViewBasicUsage01ViewController.swift */; };
		8815152F2CB66DD300710B9B /* VisualEffectAnimatableBlurTest01Controller.swift in Sources */ = {isa = PBXBuildFile; fileRef = 8815152E2CB66DCD00710B9B /* VisualEffectAnimatableBlurTest01Controller.swift */; };
		881D62A12D1844F4001761A7 /* VisualEffectCustomFilterViewTest02Controller.swift in Sources */ = {isa = PBXBuildFile; fileRef = 881D62A02D1844F4001761A7 /* VisualEffectCustomFilterViewTest02Controller.swift */; };
		8823BF402C21C1CD00C7238A /* VisualEffectBlurView in Frameworks */ = {isa = PBXBuildFile; productRef = 8823BF3F2C21C1CD00C7238A /* VisualEffectBlurView */; };
		884811392CCA173B00928072 /* Experiment01ViewController.swift in Sources */ = {isa = PBXBuildFile; fileRef = 884811382CCA173B00928072 /* Experiment01ViewController.swift */; };
		88625F232AB08D530086B4FC /* AppDelegate.swift in Sources */ = {isa = PBXBuildFile; fileRef = 88625F222AB08D530086B4FC /* AppDelegate.swift */; };
		88625F252AB08D530086B4FC /* SceneDelegate.swift in Sources */ = {isa = PBXBuildFile; fileRef = 88625F242AB08D530086B4FC /* SceneDelegate.swift */; };
		88625F2C2AB08D550086B4FC /* Assets.xcassets in Resources */ = {isa = PBXBuildFile; fileRef = 88625F2B2AB08D550086B4FC /* Assets.xcassets */; };
		88625F2F2AB08D550086B4FC /* LaunchScreen.storyboard in Resources */ = {isa = PBXBuildFile; fileRef = 88625F2D2AB08D550086B4FC /* LaunchScreen.storyboard */; };
		88793AA92D0C3DAB0061C61C /* VisualEffectCustomFilterViewTest01Controller.swift in Sources */ = {isa = PBXBuildFile; fileRef = 88793AA82D0C3DAB0061C61C /* VisualEffectCustomFilterViewTest01Controller.swift */; };
		8880318D2D067A2A009B1F36 /* Experiment02ViewController.swift in Sources */ = {isa = PBXBuildFile; fileRef = 8880318C2D067A2A009B1F36 /* Experiment02ViewController.swift */; };
		8880318F2D071C18009B1F36 /* Experiment03ViewController.swift in Sources */ = {isa = PBXBuildFile; fileRef = 8880318E2D071C18009B1F36 /* Experiment03ViewController.swift */; };
		88AF8CAB2C21C9360086A6AD /* Routes.swift in Sources */ = {isa = PBXBuildFile; fileRef = 88AF8CAA2C21C9350086A6AD /* Routes.swift */; };
		88AF8CAD2C231A020086A6AD /* RouteManager.swift in Sources */ = {isa = PBXBuildFile; fileRef = 88AF8CAC2C231A010086A6AD /* RouteManager.swift */; };
		88F7286B2C286C64005B49D0 /* NSValue+NSValue_Helpers.m in Sources */ = {isa = PBXBuildFile; fileRef = 88F7286A2C286C64005B49D0 /* NSValue+NSValue_Helpers.m */; };
		88F7286D2C308AB5005B49D0 /* LayerFilterType+Extensions.swift in Sources */ = {isa = PBXBuildFile; fileRef = 88F7286C2C308AB5005B49D0 /* LayerFilterType+Extensions.swift */; };
		88F728712C30975D005B49D0 /* ColorMatrixRGBA+Helpers.swift in Sources */ = {isa = PBXBuildFile; fileRef = 88F728702C30975D005B49D0 /* ColorMatrixRGBA+Helpers.swift */; };
/* End PBXBuildFile section */

/* Begin PBXFileReference section */
		8815151C2CB66D8E00710B9B /* VisualEffectBlurTestViewController.swift */ = {isa = PBXFileReference; lastKnownFileType = sourcecode.swift; path = VisualEffectBlurTestViewController.swift; sourceTree = "<group>"; };
		8815151D2CB66D8E00710B9B /* RouteListViewController.swift */ = {isa = PBXFileReference; lastKnownFileType = sourcecode.swift; path = RouteListViewController.swift; sourceTree = "<group>"; };
		8815151E2CB66D8E00710B9B /* VisualEffectBlurTest03ViewController.swift */ = {isa = PBXFileReference; lastKnownFileType = sourcecode.swift; path = VisualEffectBlurTest03ViewController.swift; sourceTree = "<group>"; };
		8815151F2CB66D8E00710B9B /* VisualEffectBlurTest02ViewController.swift */ = {isa = PBXFileReference; lastKnownFileType = sourcecode.swift; path = VisualEffectBlurTest02ViewController.swift; sourceTree = "<group>"; };
		881515202CB66D8E00710B9B /* VisualEffectViewExperiment02ViewController.swift */ = {isa = PBXFileReference; lastKnownFileType = sourcecode.swift; path = VisualEffectViewExperiment02ViewController.swift; sourceTree = "<group>"; };
		881515222CB66D8E00710B9B /* VisualEffectViewExperiment01ViewController.swift */ = {isa = PBXFileReference; lastKnownFileType = sourcecode.swift; path = VisualEffectViewExperiment01ViewController.swift; sourceTree = "<group>"; };
		881515232CB66D8E00710B9B /* BlurViewSwiftUIBasicUsage01ViewController.swift */ = {isa = PBXFileReference; lastKnownFileType = sourcecode.swift; path = BlurViewSwiftUIBasicUsage01ViewController.swift; sourceTree = "<group>"; };
		881515242CB66D8E00710B9B /* BlurViewBasicUsage01ViewController.swift */ = {isa = PBXFileReference; lastKnownFileType = sourcecode.swift; path = BlurViewBasicUsage01ViewController.swift; sourceTree = "<group>"; };
		8815152E2CB66DCD00710B9B /* VisualEffectAnimatableBlurTest01Controller.swift */ = {isa = PBXFileReference; lastKnownFileType = sourcecode.swift; path = VisualEffectAnimatableBlurTest01Controller.swift; sourceTree = "<group>"; };
		881D62A02D1844F4001761A7 /* VisualEffectCustomFilterViewTest02Controller.swift */ = {isa = PBXFileReference; lastKnownFileType = sourcecode.swift; path = VisualEffectCustomFilterViewTest02Controller.swift; sourceTree = "<group>"; };
		8823BF3E2C21C1BC00C7238A /* VisualEffectBlurView */ = {isa = PBXFileReference; lastKnownFileType = wrapper; name = VisualEffectBlurView; path = ..; sourceTree = "<group>"; };
		884811382CCA173B00928072 /* Experiment01ViewController.swift */ = {isa = PBXFileReference; lastKnownFileType = sourcecode.swift; path = Experiment01ViewController.swift; sourceTree = "<group>"; };
		88625F1F2AB08D530086B4FC /* VisualEffectBlurViewExample.app */ = {isa = PBXFileReference; explicitFileType = wrapper.application; includeInIndex = 0; path = VisualEffectBlurViewExample.app; sourceTree = BUILT_PRODUCTS_DIR; };
		88625F222AB08D530086B4FC /* AppDelegate.swift */ = {isa = PBXFileReference; lastKnownFileType = sourcecode.swift; path = AppDelegate.swift; sourceTree = "<group>"; };
		88625F242AB08D530086B4FC /* SceneDelegate.swift */ = {isa = PBXFileReference; lastKnownFileType = sourcecode.swift; path = SceneDelegate.swift; sourceTree = "<group>"; };
		88625F2B2AB08D550086B4FC /* Assets.xcassets */ = {isa = PBXFileReference; lastKnownFileType = folder.assetcatalog; path = Assets.xcassets; sourceTree = "<group>"; };
		88625F2E2AB08D550086B4FC /* Base */ = {isa = PBXFileReference; lastKnownFileType = file.storyboard; name = Base; path = Base.lproj/LaunchScreen.storyboard; sourceTree = "<group>"; };
		88625F302AB08D550086B4FC /* Info.plist */ = {isa = PBXFileReference; lastKnownFileType = text.plist.xml; path = Info.plist; sourceTree = "<group>"; };
		88793AA82D0C3DAB0061C61C /* VisualEffectCustomFilterViewTest01Controller.swift */ = {isa = PBXFileReference; lastKnownFileType = sourcecode.swift; path = VisualEffectCustomFilterViewTest01Controller.swift; sourceTree = "<group>"; };
		8880318C2D067A2A009B1F36 /* Experiment02ViewController.swift */ = {isa = PBXFileReference; lastKnownFileType = sourcecode.swift; path = Experiment02ViewController.swift; sourceTree = "<group>"; };
		8880318E2D071C18009B1F36 /* Experiment03ViewController.swift */ = {isa = PBXFileReference; lastKnownFileType = sourcecode.swift; path = Experiment03ViewController.swift; sourceTree = "<group>"; };
		88AF8CAA2C21C9350086A6AD /* Routes.swift */ = {isa = PBXFileReference; fileEncoding = 4; lastKnownFileType = sourcecode.swift; path = Routes.swift; sourceTree = "<group>"; };
		88AF8CAC2C231A010086A6AD /* RouteManager.swift */ = {isa = PBXFileReference; lastKnownFileType = sourcecode.swift; path = RouteManager.swift; sourceTree = "<group>"; };
		88F728682C286C63005B49D0 /* VisualEffectBlurViewExample-Bridging-Header.h */ = {isa = PBXFileReference; lastKnownFileType = sourcecode.c.h; path = "VisualEffectBlurViewExample-Bridging-Header.h"; sourceTree = "<group>"; };
		88F728692C286C64005B49D0 /* NSValue+NSValue_Helpers.h */ = {isa = PBXFileReference; lastKnownFileType = sourcecode.c.h; path = "NSValue+NSValue_Helpers.h"; sourceTree = "<group>"; };
		88F7286A2C286C64005B49D0 /* NSValue+NSValue_Helpers.m */ = {isa = PBXFileReference; lastKnownFileType = sourcecode.c.objc; path = "NSValue+NSValue_Helpers.m"; sourceTree = "<group>"; };
		88F7286C2C308AB5005B49D0 /* LayerFilterType+Extensions.swift */ = {isa = PBXFileReference; lastKnownFileType = sourcecode.swift; path = "LayerFilterType+Extensions.swift"; sourceTree = "<group>"; };
		88F728702C30975D005B49D0 /* ColorMatrixRGBA+Helpers.swift */ = {isa = PBXFileReference; lastKnownFileType = sourcecode.swift; path = "ColorMatrixRGBA+Helpers.swift"; sourceTree = "<group>"; };
/* End PBXFileReference section */

/* Begin PBXFrameworksBuildPhase section */
		88625F1C2AB08D530086B4FC /* Frameworks */ = {
			isa = PBXFrameworksBuildPhase;
			buildActionMask = 2147483647;
			files = (
				8823BF402C21C1CD00C7238A /* VisualEffectBlurView in Frameworks */,
			);
			runOnlyForDeploymentPostprocessing = 0;
		};
/* End PBXFrameworksBuildPhase section */

/* Begin PBXGroup section */
		8815151B2CB66D8E00710B9B /* Routes */ = {
			isa = PBXGroup;
			children = (
				8815152E2CB66DCD00710B9B /* VisualEffectAnimatableBlurTest01Controller.swift */,
				8815151C2CB66D8E00710B9B /* VisualEffectBlurTestViewController.swift */,
				8815151D2CB66D8E00710B9B /* RouteListViewController.swift */,
				8815151E2CB66D8E00710B9B /* VisualEffectBlurTest03ViewController.swift */,
				8815151F2CB66D8E00710B9B /* VisualEffectBlurTest02ViewController.swift */,
				881515202CB66D8E00710B9B /* VisualEffectViewExperiment02ViewController.swift */,
				881515222CB66D8E00710B9B /* VisualEffectViewExperiment01ViewController.swift */,
				881515232CB66D8E00710B9B /* BlurViewSwiftUIBasicUsage01ViewController.swift */,
				881515242CB66D8E00710B9B /* BlurViewBasicUsage01ViewController.swift */,
				884811382CCA173B00928072 /* Experiment01ViewController.swift */,
				8880318C2D067A2A009B1F36 /* Experiment02ViewController.swift */,
				8880318E2D071C18009B1F36 /* Experiment03ViewController.swift */,
				88793AA82D0C3DAB0061C61C /* VisualEffectCustomFilterViewTest01Controller.swift */,
				881D62A02D1844F4001761A7 /* VisualEffectCustomFilterViewTest02Controller.swift */,
			);
			path = Routes;
			sourceTree = "<group>";
		};
		88625F162AB08D530086B4FC = {
			isa = PBXGroup;
			children = (
				8823BF3E2C21C1BC00C7238A /* VisualEffectBlurView */,
				8815151B2CB66D8E00710B9B /* Routes */,
				88AF8CA92C21C9350086A6AD /* Sources */,
				88625F212AB08D530086B4FC /* VisualEffectBlurViewExample */,
				88625F202AB08D530086B4FC /* Products */,
				88FD5DFC2AB0A27A00E89681 /* Frameworks */,
			);
			sourceTree = "<group>";
		};
		88625F202AB08D530086B4FC /* Products */ = {
			isa = PBXGroup;
			children = (
				88625F1F2AB08D530086B4FC /* VisualEffectBlurViewExample.app */,
			);
			name = Products;
			sourceTree = "<group>";
		};
		88625F212AB08D530086B4FC /* VisualEffectBlurViewExample */ = {
			isa = PBXGroup;
			children = (
				88625F222AB08D530086B4FC /* AppDelegate.swift */,
				88625F242AB08D530086B4FC /* SceneDelegate.swift */,
				88625F2B2AB08D550086B4FC /* Assets.xcassets */,
				88625F2D2AB08D550086B4FC /* LaunchScreen.storyboard */,
				88625F302AB08D550086B4FC /* Info.plist */,
			);
			path = VisualEffectBlurViewExample;
			sourceTree = "<group>";
		};
		88AF8CA92C21C9350086A6AD /* Sources */ = {
			isa = PBXGroup;
			children = (
				88AF8CAA2C21C9350086A6AD /* Routes.swift */,
				88AF8CAC2C231A010086A6AD /* RouteManager.swift */,
				88F728692C286C64005B49D0 /* NSValue+NSValue_Helpers.h */,
				88F7286A2C286C64005B49D0 /* NSValue+NSValue_Helpers.m */,
				88F728682C286C63005B49D0 /* VisualEffectBlurViewExample-Bridging-Header.h */,
				88F7286C2C308AB5005B49D0 /* LayerFilterType+Extensions.swift */,
				88F728702C30975D005B49D0 /* ColorMatrixRGBA+Helpers.swift */,
			);
			path = Sources;
			sourceTree = "<group>";
		};
		88FD5DFC2AB0A27A00E89681 /* Frameworks */ = {
			isa = PBXGroup;
			children = (
			);
			name = Frameworks;
			sourceTree = "<group>";
		};
/* End PBXGroup section */

/* Begin PBXNativeTarget section */
		88625F1E2AB08D530086B4FC /* VisualEffectBlurViewExample */ = {
			isa = PBXNativeTarget;
			buildConfigurationList = 88625F332AB08D550086B4FC /* Build configuration list for PBXNativeTarget "VisualEffectBlurViewExample" */;
			buildPhases = (
				88625F1B2AB08D530086B4FC /* Sources */,
				88625F1C2AB08D530086B4FC /* Frameworks */,
				88625F1D2AB08D530086B4FC /* Resources */,
			);
			buildRules = (
			);
			dependencies = (
			);
			name = VisualEffectBlurViewExample;
			packageProductDependencies = (
				8823BF3F2C21C1CD00C7238A /* VisualEffectBlurView */,
			);
			productName = BlurViewExample;
			productReference = 88625F1F2AB08D530086B4FC /* VisualEffectBlurViewExample.app */;
			productType = "com.apple.product-type.application";
		};
/* End PBXNativeTarget section */

/* Begin PBXProject section */
		88625F172AB08D530086B4FC /* Project object */ = {
			isa = PBXProject;
			attributes = {
				BuildIndependentTargetsInParallel = 1;
				LastSwiftUpdateCheck = 1420;
				LastUpgradeCheck = 1420;
				TargetAttributes = {
					88625F1E2AB08D530086B4FC = {
						CreatedOnToolsVersion = 14.2;
						LastSwiftMigration = 1500;
					};
				};
			};
			buildConfigurationList = 88625F1A2AB08D530086B4FC /* Build configuration list for PBXProject "VisualEffectBlurViewExample" */;
			compatibilityVersion = "Xcode 14.0";
			developmentRegion = en;
			hasScannedForEncodings = 0;
			knownRegions = (
				en,
				Base,
			);
			mainGroup = 88625F162AB08D530086B4FC;
			productRefGroup = 88625F202AB08D530086B4FC /* Products */;
			projectDirPath = "";
			projectRoot = "";
			targets = (
				88625F1E2AB08D530086B4FC /* VisualEffectBlurViewExample */,
			);
		};
/* End PBXProject section */

/* Begin PBXResourcesBuildPhase section */
		88625F1D2AB08D530086B4FC /* Resources */ = {
			isa = PBXResourcesBuildPhase;
			buildActionMask = 2147483647;
			files = (
				88625F2F2AB08D550086B4FC /* LaunchScreen.storyboard in Resources */,
				88625F2C2AB08D550086B4FC /* Assets.xcassets in Resources */,
			);
			runOnlyForDeploymentPostprocessing = 0;
		};
/* End PBXResourcesBuildPhase section */

/* Begin PBXSourcesBuildPhase section */
		88625F1B2AB08D530086B4FC /* Sources */ = {
			isa = PBXSourcesBuildPhase;
			buildActionMask = 2147483647;
			files = (
				881515252CB66DAA00710B9B /* VisualEffectBlurTestViewController.swift in Sources */,
				881515262CB66DAA00710B9B /* RouteListViewController.swift in Sources */,
				881515272CB66DAA00710B9B /* VisualEffectBlurTest03ViewController.swift in Sources */,
				881515282CB66DAA00710B9B /* VisualEffectBlurTest02ViewController.swift in Sources */,
				881515292CB66DAA00710B9B /* VisualEffectViewExperiment02ViewController.swift in Sources */,
				8815152B2CB66DAA00710B9B /* VisualEffectViewExperiment01ViewController.swift in Sources */,
				8880318D2D067A2A009B1F36 /* Experiment02ViewController.swift in Sources */,
				8815152C2CB66DAA00710B9B /* BlurViewSwiftUIBasicUsage01ViewController.swift in Sources */,
				8815152D2CB66DAA00710B9B /* BlurViewBasicUsage01ViewController.swift in Sources */,
				88F7286D2C308AB5005B49D0 /* LayerFilterType+Extensions.swift in Sources */,
				88625F232AB08D530086B4FC /* AppDelegate.swift in Sources */,
				88AF8CAB2C21C9360086A6AD /* Routes.swift in Sources */,
				881D62A12D1844F4001761A7 /* VisualEffectCustomFilterViewTest02Controller.swift in Sources */,
				8815152F2CB66DD300710B9B /* VisualEffectAnimatableBlurTest01Controller.swift in Sources */,
				88625F252AB08D530086B4FC /* SceneDelegate.swift in Sources */,
				88AF8CAD2C231A020086A6AD /* RouteManager.swift in Sources */,
				88F728712C30975D005B49D0 /* ColorMatrixRGBA+Helpers.swift in Sources */,
				884811392CCA173B00928072 /* Experiment01ViewController.swift in Sources */,
				88F7286B2C286C64005B49D0 /* NSValue+NSValue_Helpers.m in Sources */,
				8880318F2D071C18009B1F36 /* Experiment03ViewController.swift in Sources */,
				88793AA92D0C3DAB0061C61C /* VisualEffectCustomFilterViewTest01Controller.swift in Sources */,
			);
			runOnlyForDeploymentPostprocessing = 0;
		};
/* End PBXSourcesBuildPhase section */

/* Begin PBXVariantGroup section */
		88625F2D2AB08D550086B4FC /* LaunchScreen.storyboard */ = {
			isa = PBXVariantGroup;
			children = (
				88625F2E2AB08D550086B4FC /* Base */,
			);
			name = LaunchScreen.storyboard;
			sourceTree = "<group>";
		};
/* End PBXVariantGroup section */

/* Begin XCBuildConfiguration section */
		88625F312AB08D550086B4FC /* Debug */ = {
			isa = XCBuildConfiguration;
			buildSettings = {
				ALWAYS_SEARCH_USER_PATHS = NO;
				CLANG_ANALYZER_NONNULL = YES;
				CLANG_ANALYZER_NUMBER_OBJECT_CONVERSION = YES_AGGRESSIVE;
				CLANG_CXX_LANGUAGE_STANDARD = "gnu++20";
				CLANG_ENABLE_MODULES = YES;
				CLANG_ENABLE_OBJC_ARC = YES;
				CLANG_ENABLE_OBJC_WEAK = YES;
				CLANG_WARN_BLOCK_CAPTURE_AUTORELEASING = YES;
				CLANG_WARN_BOOL_CONVERSION = YES;
				CLANG_WARN_COMMA = YES;
				CLANG_WARN_CONSTANT_CONVERSION = YES;
				CLANG_WARN_DEPRECATED_OBJC_IMPLEMENTATIONS = YES;
				CLANG_WARN_DIRECT_OBJC_ISA_USAGE = YES_ERROR;
				CLANG_WARN_DOCUMENTATION_COMMENTS = YES;
				CLANG_WARN_EMPTY_BODY = YES;
				CLANG_WARN_ENUM_CONVERSION = YES;
				CLANG_WARN_INFINITE_RECURSION = YES;
				CLANG_WARN_INT_CONVERSION = YES;
				CLANG_WARN_NON_LITERAL_NULL_CONVERSION = YES;
				CLANG_WARN_OBJC_IMPLICIT_RETAIN_SELF = YES;
				CLANG_WARN_OBJC_LITERAL_CONVERSION = YES;
				CLANG_WARN_OBJC_ROOT_CLASS = YES_ERROR;
				CLANG_WARN_QUOTED_INCLUDE_IN_FRAMEWORK_HEADER = YES;
				CLANG_WARN_RANGE_LOOP_ANALYSIS = YES;
				CLANG_WARN_STRICT_PROTOTYPES = YES;
				CLANG_WARN_SUSPICIOUS_MOVE = YES;
				CLANG_WARN_UNGUARDED_AVAILABILITY = YES_AGGRESSIVE;
				CLANG_WARN_UNREACHABLE_CODE = YES;
				CLANG_WARN__DUPLICATE_METHOD_MATCH = YES;
				COPY_PHASE_STRIP = NO;
				DEBUG_INFORMATION_FORMAT = dwarf;
				ENABLE_STRICT_OBJC_MSGSEND = YES;
				ENABLE_TESTABILITY = YES;
				GCC_C_LANGUAGE_STANDARD = gnu11;
				GCC_DYNAMIC_NO_PIC = NO;
				GCC_NO_COMMON_BLOCKS = YES;
				GCC_OPTIMIZATION_LEVEL = 0;
				GCC_PREPROCESSOR_DEFINITIONS = (
					"DEBUG=1",
					"$(inherited)",
				);
				GCC_WARN_64_TO_32_BIT_CONVERSION = YES;
				GCC_WARN_ABOUT_RETURN_TYPE = YES_ERROR;
				GCC_WARN_UNDECLARED_SELECTOR = YES;
				GCC_WARN_UNINITIALIZED_AUTOS = YES_AGGRESSIVE;
				GCC_WARN_UNUSED_FUNCTION = YES;
				GCC_WARN_UNUSED_VARIABLE = YES;
				IPHONEOS_DEPLOYMENT_TARGET = 16.2;
				MTL_ENABLE_DEBUG_INFO = INCLUDE_SOURCE;
				MTL_FAST_MATH = YES;
				ONLY_ACTIVE_ARCH = YES;
				SDKROOT = iphoneos;
				SWIFT_ACTIVE_COMPILATION_CONDITIONS = DEBUG;
				SWIFT_OPTIMIZATION_LEVEL = "-Onone";
			};
			name = Debug;
		};
		88625F322AB08D550086B4FC /* Release */ = {
			isa = XCBuildConfiguration;
			buildSettings = {
				ALWAYS_SEARCH_USER_PATHS = NO;
				CLANG_ANALYZER_NONNULL = YES;
				CLANG_ANALYZER_NUMBER_OBJECT_CONVERSION = YES_AGGRESSIVE;
				CLANG_CXX_LANGUAGE_STANDARD = "gnu++20";
				CLANG_ENABLE_MODULES = YES;
				CLANG_ENABLE_OBJC_ARC = YES;
				CLANG_ENABLE_OBJC_WEAK = YES;
				CLANG_WARN_BLOCK_CAPTURE_AUTORELEASING = YES;
				CLANG_WARN_BOOL_CONVERSION = YES;
				CLANG_WARN_COMMA = YES;
				CLANG_WARN_CONSTANT_CONVERSION = YES;
				CLANG_WARN_DEPRECATED_OBJC_IMPLEMENTATIONS = YES;
				CLANG_WARN_DIRECT_OBJC_ISA_USAGE = YES_ERROR;
				CLANG_WARN_DOCUMENTATION_COMMENTS = YES;
				CLANG_WARN_EMPTY_BODY = YES;
				CLANG_WARN_ENUM_CONVERSION = YES;
				CLANG_WARN_INFINITE_RECURSION = YES;
				CLANG_WARN_INT_CONVERSION = YES;
				CLANG_WARN_NON_LITERAL_NULL_CONVERSION = YES;
				CLANG_WARN_OBJC_IMPLICIT_RETAIN_SELF = YES;
				CLANG_WARN_OBJC_LITERAL_CONVERSION = YES;
				CLANG_WARN_OBJC_ROOT_CLASS = YES_ERROR;
				CLANG_WARN_QUOTED_INCLUDE_IN_FRAMEWORK_HEADER = YES;
				CLANG_WARN_RANGE_LOOP_ANALYSIS = YES;
				CLANG_WARN_STRICT_PROTOTYPES = YES;
				CLANG_WARN_SUSPICIOUS_MOVE = YES;
				CLANG_WARN_UNGUARDED_AVAILABILITY = YES_AGGRESSIVE;
				CLANG_WARN_UNREACHABLE_CODE = YES;
				CLANG_WARN__DUPLICATE_METHOD_MATCH = YES;
				COPY_PHASE_STRIP = NO;
				DEBUG_INFORMATION_FORMAT = "dwarf-with-dsym";
				ENABLE_NS_ASSERTIONS = NO;
				ENABLE_STRICT_OBJC_MSGSEND = YES;
				GCC_C_LANGUAGE_STANDARD = gnu11;
				GCC_NO_COMMON_BLOCKS = YES;
				GCC_WARN_64_TO_32_BIT_CONVERSION = YES;
				GCC_WARN_ABOUT_RETURN_TYPE = YES_ERROR;
				GCC_WARN_UNDECLARED_SELECTOR = YES;
				GCC_WARN_UNINITIALIZED_AUTOS = YES_AGGRESSIVE;
				GCC_WARN_UNUSED_FUNCTION = YES;
				GCC_WARN_UNUSED_VARIABLE = YES;
				IPHONEOS_DEPLOYMENT_TARGET = 16.2;
				MTL_ENABLE_DEBUG_INFO = NO;
				MTL_FAST_MATH = YES;
				SDKROOT = iphoneos;
				SWIFT_COMPILATION_MODE = wholemodule;
				SWIFT_OPTIMIZATION_LEVEL = "-O";
				VALIDATE_PRODUCT = YES;
			};
			name = Release;
		};
		88625F342AB08D550086B4FC /* Debug */ = {
			isa = XCBuildConfiguration;
			buildSettings = {
				ASSETCATALOG_COMPILER_APPICON_NAME = AppIcon;
				ASSETCATALOG_COMPILER_GLOBAL_ACCENT_COLOR_NAME = AccentColor;
				CLANG_ENABLE_MODULES = YES;
				CODE_SIGN_STYLE = Automatic;
				CURRENT_PROJECT_VERSION = 12;
				DEVELOPMENT_TEAM = ZC7A6XV8GR;
				GENERATE_INFOPLIST_FILE = YES;
				INFOPLIST_FILE = VisualEffectBlurViewExample/Info.plist;
				INFOPLIST_KEY_CFBundleDisplayName = "VisualEffectBlurView Example";
				INFOPLIST_KEY_LSApplicationCategoryType = "public.app-category.developer-tools";
				INFOPLIST_KEY_UIApplicationSupportsIndirectInputEvents = YES;
				INFOPLIST_KEY_UILaunchStoryboardName = LaunchScreen;
				INFOPLIST_KEY_UIRequiresFullScreen = YES;
				INFOPLIST_KEY_UIStatusBarStyle = "";
				INFOPLIST_KEY_UISupportedInterfaceOrientations = UIInterfaceOrientationPortrait;
				INFOPLIST_KEY_UISupportedInterfaceOrientations_iPad = "UIInterfaceOrientationLandscapeLeft UIInterfaceOrientationLandscapeRight UIInterfaceOrientationPortrait UIInterfaceOrientationPortraitUpsideDown";
				IPHONEOS_DEPLOYMENT_TARGET = 13.0;
				LD_RUNPATH_SEARCH_PATHS = (
					"$(inherited)",
					"@executable_path/Frameworks",
				);
				MARKETING_VERSION = 0.1;
				PRODUCT_BUNDLE_IDENTIFIER = dominicgo.VisualEffectBlurViewExample;
				PRODUCT_NAME = "$(TARGET_NAME)";
				SWIFT_EMIT_LOC_STRINGS = YES;
				SWIFT_OBJC_BRIDGING_HEADER = "Sources/VisualEffectBlurViewExample-Bridging-Header.h";
				SWIFT_OPTIMIZATION_LEVEL = "-Onone";
				SWIFT_VERSION = 5.0;
				TARGETED_DEVICE_FAMILY = "1,2";
			};
			name = Debug;
		};
		88625F352AB08D550086B4FC /* Release */ = {
			isa = XCBuildConfiguration;
			buildSettings = {
				ASSETCATALOG_COMPILER_APPICON_NAME = AppIcon;
				ASSETCATALOG_COMPILER_GLOBAL_ACCENT_COLOR_NAME = AccentColor;
				CLANG_ENABLE_MODULES = YES;
				CODE_SIGN_STYLE = Automatic;
				CURRENT_PROJECT_VERSION = 12;
				DEVELOPMENT_TEAM = ZC7A6XV8GR;
				GENERATE_INFOPLIST_FILE = YES;
				INFOPLIST_FILE = VisualEffectBlurViewExample/Info.plist;
				INFOPLIST_KEY_CFBundleDisplayName = "VisualEffectBlurView Example";
				INFOPLIST_KEY_LSApplicationCategoryType = "public.app-category.developer-tools";
				INFOPLIST_KEY_UIApplicationSupportsIndirectInputEvents = YES;
				INFOPLIST_KEY_UILaunchStoryboardName = LaunchScreen;
				INFOPLIST_KEY_UIRequiresFullScreen = YES;
				INFOPLIST_KEY_UIStatusBarStyle = "";
				INFOPLIST_KEY_UISupportedInterfaceOrientations = UIInterfaceOrientationPortrait;
				INFOPLIST_KEY_UISupportedInterfaceOrientations_iPad = "UIInterfaceOrientationLandscapeLeft UIInterfaceOrientationLandscapeRight UIInterfaceOrientationPortrait UIInterfaceOrientationPortraitUpsideDown";
				IPHONEOS_DEPLOYMENT_TARGET = 13.0;
				LD_RUNPATH_SEARCH_PATHS = (
					"$(inherited)",
					"@executable_path/Frameworks",
				);
				MARKETING_VERSION = 0.1;
				PRODUCT_BUNDLE_IDENTIFIER = dominicgo.VisualEffectBlurViewExample;
				PRODUCT_NAME = "$(TARGET_NAME)";
				SWIFT_EMIT_LOC_STRINGS = YES;
				SWIFT_OBJC_BRIDGING_HEADER = "Sources/VisualEffectBlurViewExample-Bridging-Header.h";
				SWIFT_VERSION = 5.0;
				TARGETED_DEVICE_FAMILY = "1,2";
			};
			name = Release;
		};
/* End XCBuildConfiguration section */

/* Begin XCConfigurationList section */
		88625F1A2AB08D530086B4FC /* Build configuration list for PBXProject "VisualEffectBlurViewExample" */ = {
			isa = XCConfigurationList;
			buildConfigurations = (
				88625F312AB08D550086B4FC /* Debug */,
				88625F322AB08D550086B4FC /* Release */,
			);
			defaultConfigurationIsVisible = 0;
			defaultConfigurationName = Release;
		};
		88625F332AB08D550086B4FC /* Build configuration list for PBXNativeTarget "VisualEffectBlurViewExample" */ = {
			isa = XCConfigurationList;
			buildConfigurations = (
				88625F342AB08D550086B4FC /* Debug */,
				88625F352AB08D550086B4FC /* Release */,
			);
			defaultConfigurationIsVisible = 0;
			defaultConfigurationName = Release;
		};
/* End XCConfigurationList section */

/* Begin XCSwiftPackageProductDependency section */
		8823BF3F2C21C1CD00C7238A /* VisualEffectBlurView */ = {
			isa = XCSwiftPackageProductDependency;
			productName = VisualEffectBlurView;
		};
/* End XCSwiftPackageProductDependency section */
	};
	rootObject = 88625F172AB08D530086B4FC /* Project object */;
}
